// !$*UTF8*$!
{
	archiveVersion = 1;
	classes = {
	};
	objectVersion = 50;
	objects = {

/* Begin PBXBuildFile section */
		292281B92F0B3D5EE0FC811A /* Pods_Webrtc_App.framework in Frameworks */ = {isa = PBXBuildFile; fileRef = 81BABB811D31A596F14EA22E /* Pods_Webrtc_App.framework */; };
		E4AB58DB25C9C11600C85BA9 /* AppDelegate.swift in Sources */ = {isa = PBXBuildFile; fileRef = E4AB58DA25C9C11600C85BA9 /* AppDelegate.swift */; };
		E4AB58DD25C9C11600C85BA9 /* SceneDelegate.swift in Sources */ = {isa = PBXBuildFile; fileRef = E4AB58DC25C9C11600C85BA9 /* SceneDelegate.swift */; };
		E4AB58DF25C9C11600C85BA9 /* ViewController.swift in Sources */ = {isa = PBXBuildFile; fileRef = E4AB58DE25C9C11600C85BA9 /* ViewController.swift */; };
		E4AB58E225C9C11600C85BA9 /* Main.storyboard in Resources */ = {isa = PBXBuildFile; fileRef = E4AB58E025C9C11600C85BA9 /* Main.storyboard */; };
		E4AB58E425C9C11600C85BA9 /* Assets.xcassets in Resources */ = {isa = PBXBuildFile; fileRef = E4AB58E325C9C11600C85BA9 /* Assets.xcassets */; };
		E4AB58E725C9C11600C85BA9 /* LaunchScreen.storyboard in Resources */ = {isa = PBXBuildFile; fileRef = E4AB58E525C9C11600C85BA9 /* LaunchScreen.storyboard */; };
/* End PBXBuildFile section */

/* Begin PBXFileReference section */
		81BABB811D31A596F14EA22E /* Pods_Webrtc_App.framework */ = {isa = PBXFileReference; explicitFileType = wrapper.framework; includeInIndex = 0; path = Pods_Webrtc_App.framework; sourceTree = BUILT_PRODUCTS_DIR; };
		A38AE27315F81FAA5B19D712 /* Pods-Webrtc App.release.xcconfig */ = {isa = PBXFileReference; includeInIndex = 1; lastKnownFileType = text.xcconfig; name = "Pods-Webrtc App.release.xcconfig"; path = "Target Support Files/Pods-Webrtc App/Pods-Webrtc App.release.xcconfig"; sourceTree = "<group>"; };
		ABF588337D3BC706D15474D3 /* Pods-Webrtc App.debug.xcconfig */ = {isa = PBXFileReference; includeInIndex = 1; lastKnownFileType = text.xcconfig; name = "Pods-Webrtc App.debug.xcconfig"; path = "Target Support Files/Pods-Webrtc App/Pods-Webrtc App.debug.xcconfig"; sourceTree = "<group>"; };
		E4AB58D725C9C11600C85BA9 /* Webrtc App.app */ = {isa = PBXFileReference; explicitFileType = wrapper.application; includeInIndex = 0; path = "Webrtc App.app"; sourceTree = BUILT_PRODUCTS_DIR; };
		E4AB58DA25C9C11600C85BA9 /* AppDelegate.swift */ = {isa = PBXFileReference; lastKnownFileType = sourcecode.swift; path = AppDelegate.swift; sourceTree = "<group>"; };
		E4AB58DC25C9C11600C85BA9 /* SceneDelegate.swift */ = {isa = PBXFileReference; lastKnownFileType = sourcecode.swift; path = SceneDelegate.swift; sourceTree = "<group>"; };
		E4AB58DE25C9C11600C85BA9 /* ViewController.swift */ = {isa = PBXFileReference; lastKnownFileType = sourcecode.swift; path = ViewController.swift; sourceTree = "<group>"; };
		E4AB58E125C9C11600C85BA9 /* Base */ = {isa = PBXFileReference; lastKnownFileType = file.storyboard; name = Base; path = Base.lproj/Main.storyboard; sourceTree = "<group>"; };
		E4AB58E325C9C11600C85BA9 /* Assets.xcassets */ = {isa = PBXFileReference; lastKnownFileType = folder.assetcatalog; path = Assets.xcassets; sourceTree = "<group>"; };
		E4AB58E625C9C11600C85BA9 /* Base */ = {isa = PBXFileReference; lastKnownFileType = file.storyboard; name = Base; path = Base.lproj/LaunchScreen.storyboard; sourceTree = "<group>"; };
		E4AB58E825C9C11600C85BA9 /* Info.plist */ = {isa = PBXFileReference; lastKnownFileType = text.plist.xml; path = Info.plist; sourceTree = "<group>"; };
/* End PBXFileReference section */

/* Begin PBXFrameworksBuildPhase section */
		E4AB58D425C9C11600C85BA9 /* Frameworks */ = {
			isa = PBXFrameworksBuildPhase;
			buildActionMask = 2147483647;
			files = (
				292281B92F0B3D5EE0FC811A /* Pods_Webrtc_App.framework in Frameworks */,
			);
			runOnlyForDeploymentPostprocessing = 0;
		};
/* End PBXFrameworksBuildPhase section */

/* Begin PBXGroup section */
		98BEB12F23E8314446E3C21D /* Pods */ = {
			isa = PBXGroup;
			children = (
				ABF588337D3BC706D15474D3 /* Pods-Webrtc App.debug.xcconfig */,
				A38AE27315F81FAA5B19D712 /* Pods-Webrtc App.release.xcconfig */,
			);
			name = Pods;
			path = Pods;
			sourceTree = "<group>";
		};
		CF27B8AA548621B2389AC561 /* Frameworks */ = {
			isa = PBXGroup;
			children = (
				81BABB811D31A596F14EA22E /* Pods_Webrtc_App.framework */,
			);
			name = Frameworks;
			sourceTree = "<group>";
		};
		E4AB58CE25C9C11600C85BA9 = {
			isa = PBXGroup;
			children = (
				E4AB58D925C9C11600C85BA9 /* Webrtc App */,
				E4AB58D825C9C11600C85BA9 /* Products */,
				98BEB12F23E8314446E3C21D /* Pods */,
				CF27B8AA548621B2389AC561 /* Frameworks */,
			);
			sourceTree = "<group>";
		};
		E4AB58D825C9C11600C85BA9 /* Products */ = {
			isa = PBXGroup;
			children = (
				E4AB58D725C9C11600C85BA9 /* Webrtc App.app */,
			);
			name = Products;
			sourceTree = "<group>";
		};
		E4AB58D925C9C11600C85BA9 /* Webrtc App */ = {
			isa = PBXGroup;
			children = (
				E4AB58DA25C9C11600C85BA9 /* AppDelegate.swift */,
				E4AB58DC25C9C11600C85BA9 /* SceneDelegate.swift */,
				E4AB58DE25C9C11600C85BA9 /* ViewController.swift */,
				E4AB58E025C9C11600C85BA9 /* Main.storyboard */,
				E4AB58E325C9C11600C85BA9 /* Assets.xcassets */,
				E4AB58E525C9C11600C85BA9 /* LaunchScreen.storyboard */,
				E4AB58E825C9C11600C85BA9 /* Info.plist */,
			);
			path = "Webrtc App";
			sourceTree = "<group>";
		};
/* End PBXGroup section */

/* Begin PBXNativeTarget section */
		E4AB58D625C9C11600C85BA9 /* Webrtc App */ = {
			isa = PBXNativeTarget;
			buildConfigurationList = E4AB58EB25C9C11600C85BA9 /* Build configuration list for PBXNativeTarget "Webrtc App" */;
			buildPhases = (
				F5A9E32DEFF5AEE257945075 /* [CP] Check Pods Manifest.lock */,
				E4AB58D325C9C11600C85BA9 /* Sources */,
				E4AB58D425C9C11600C85BA9 /* Frameworks */,
				E4AB58D525C9C11600C85BA9 /* Resources */,
				57E746BC66D37472D55DE72F /* [CP] Embed Pods Frameworks */,
			);
			buildRules = (
			);
			dependencies = (
			);
			name = "Webrtc App";
			productName = "Webrtc App";
			productReference = E4AB58D725C9C11600C85BA9 /* Webrtc App.app */;
			productType = "com.apple.product-type.application";
		};
/* End PBXNativeTarget section */

/* Begin PBXProject section */
		E4AB58CF25C9C11600C85BA9 /* Project object */ = {
			isa = PBXProject;
			attributes = {
				LastSwiftUpdateCheck = 1240;
				LastUpgradeCheck = 1240;
				TargetAttributes = {
					E4AB58D625C9C11600C85BA9 = {
						CreatedOnToolsVersion = 12.4;
					};
				};
			};
			buildConfigurationList = E4AB58D225C9C11600C85BA9 /* Build configuration list for PBXProject "Webrtc App" */;
			compatibilityVersion = "Xcode 9.3";
			developmentRegion = en;
			hasScannedForEncodings = 0;
			knownRegions = (
				en,
				Base,
			);
			mainGroup = E4AB58CE25C9C11600C85BA9;
			productRefGroup = E4AB58D825C9C11600C85BA9 /* Products */;
			projectDirPath = "";
			projectRoot = "";
			targets = (
				E4AB58D625C9C11600C85BA9 /* Webrtc App */,
			);
		};
/* End PBXProject section */

/* Begin PBXResourcesBuildPhase section */
		E4AB58D525C9C11600C85BA9 /* Resources */ = {
			isa = PBXResourcesBuildPhase;
			buildActionMask = 2147483647;
			files = (
				E4AB58E725C9C11600C85BA9 /* LaunchScreen.storyboard in Resources */,
				E4AB58E425C9C11600C85BA9 /* Assets.xcassets in Resources */,
				E4AB58E225C9C11600C85BA9 /* Main.storyboard in Resources */,
			);
			runOnlyForDeploymentPostprocessing = 0;
		};
/* End PBXResourcesBuildPhase section */

/* Begin PBXShellScriptBuildPhase section */
		57E746BC66D37472D55DE72F /* [CP] Embed Pods Frameworks */ = {
			isa = PBXShellScriptBuildPhase;
			buildActionMask = 2147483647;
			files = (
			);
			inputFileListPaths = (
				"${PODS_ROOT}/Target Support Files/Pods-Webrtc App/Pods-Webrtc App-frameworks-${CONFIGURATION}-input-files.xcfilelist",
			);
			name = "[CP] Embed Pods Frameworks";
			outputFileListPaths = (
				"${PODS_ROOT}/Target Support Files/Pods-Webrtc App/Pods-Webrtc App-frameworks-${CONFIGURATION}-output-files.xcfilelist",
			);
			runOnlyForDeploymentPostprocessing = 0;
			shellPath = /bin/sh;
			shellScript = "\"${PODS_ROOT}/Target Support Files/Pods-Webrtc App/Pods-Webrtc App-frameworks.sh\"\n";
			showEnvVarsInLog = 0;
		};
		F5A9E32DEFF5AEE257945075 /* [CP] Check Pods Manifest.lock */ = {
			isa = PBXShellScriptBuildPhase;
			buildActionMask = 2147483647;
			files = (
			);
			inputFileListPaths = (
			);
			inputPaths = (
				"${PODS_PODFILE_DIR_PATH}/Podfile.lock",
				"${PODS_ROOT}/Manifest.lock",
			);
			name = "[CP] Check Pods Manifest.lock";
			outputFileListPaths = (
			);
			outputPaths = (
				"$(DERIVED_FILE_DIR)/Pods-Webrtc App-checkManifestLockResult.txt",
			);
			runOnlyForDeploymentPostprocessing = 0;
			shellPath = /bin/sh;
			shellScript = "diff \"${PODS_PODFILE_DIR_PATH}/Podfile.lock\" \"${PODS_ROOT}/Manifest.lock\" > /dev/null\nif [ $? != 0 ] ; then\n    # print error to STDERR\n    echo \"error: The sandbox is not in sync with the Podfile.lock. Run 'pod install' or update your CocoaPods installation.\" >&2\n    exit 1\nfi\n# This output is used by Xcode 'outputs' to avoid re-running this script phase.\necho \"SUCCESS\" > \"${SCRIPT_OUTPUT_FILE_0}\"\n";
			showEnvVarsInLog = 0;
		};
/* End PBXShellScriptBuildPhase section */

/* Begin PBXSourcesBuildPhase section */
		E4AB58D325C9C11600C85BA9 /* Sources */ = {
			isa = PBXSourcesBuildPhase;
			buildActionMask = 2147483647;
			files = (
				E4AB58DF25C9C11600C85BA9 /* ViewController.swift in Sources */,
				E4AB58DB25C9C11600C85BA9 /* AppDelegate.swift in Sources */,
				E4AB58DD25C9C11600C85BA9 /* SceneDelegate.swift in Sources */,
			);
			runOnlyForDeploymentPostprocessing = 0;
		};
/* End PBXSourcesBuildPhase section */

/* Begin PBXVariantGroup section */
		E4AB58E025C9C11600C85BA9 /* Main.storyboard */ = {
			isa = PBXVariantGroup;
			children = (
				E4AB58E125C9C11600C85BA9 /* Base */,
			);
			name = Main.storyboard;
			sourceTree = "<group>";
		};
		E4AB58E525C9C11600C85BA9 /* LaunchScreen.storyboard */ = {
			isa = PBXVariantGroup;
			children = (
				E4AB58E625C9C11600C85BA9 /* Base */,
			);
			name = LaunchScreen.storyboard;
			sourceTree = "<group>";
		};
/* End PBXVariantGroup section */

/* Begin XCBuildConfiguration section */
		E4AB58E925C9C11600C85BA9 /* Debug */ = {
			isa = XCBuildConfiguration;
			buildSettings = {
				ALWAYS_SEARCH_USER_PATHS = NO;
				CLANG_ANALYZER_NONNULL = YES;
				CLANG_ANALYZER_NUMBER_OBJECT_CONVERSION = YES_AGGRESSIVE;
				CLANG_CXX_LANGUAGE_STANDARD = "gnu++14";
				CLANG_CXX_LIBRARY = "libc++";
				CLANG_ENABLE_MODULES = YES;
				CLANG_ENABLE_OBJC_ARC = YES;
				CLANG_ENABLE_OBJC_WEAK = YES;
				CLANG_WARN_BLOCK_CAPTURE_AUTORELEASING = YES;
				CLANG_WARN_BOOL_CONVERSION = YES;
				CLANG_WARN_COMMA = YES;
				CLANG_WARN_CONSTANT_CONVERSION = YES;
				CLANG_WARN_DEPRECATED_OBJC_IMPLEMENTATIONS = YES;
				CLANG_WARN_DIRECT_OBJC_ISA_USAGE = YES_ERROR;
				CLANG_WARN_DOCUMENTATION_COMMENTS = YES;
				CLANG_WARN_EMPTY_BODY = YES;
				CLANG_WARN_ENUM_CONVERSION = YES;
				CLANG_WARN_INFINITE_RECURSION = YES;
				CLANG_WARN_INT_CONVERSION = YES;
				CLANG_WARN_NON_LITERAL_NULL_CONVERSION = YES;
				CLANG_WARN_OBJC_IMPLICIT_RETAIN_SELF = YES;
				CLANG_WARN_OBJC_LITERAL_CONVERSION = YES;
				CLANG_WARN_OBJC_ROOT_CLASS = YES_ERROR;
				CLANG_WARN_QUOTED_INCLUDE_IN_FRAMEWORK_HEADER = YES;
				CLANG_WARN_RANGE_LOOP_ANALYSIS = YES;
				CLANG_WARN_STRICT_PROTOTYPES = YES;
				CLANG_WARN_SUSPICIOUS_MOVE = YES;
				CLANG_WARN_UNGUARDED_AVAILABILITY = YES_AGGRESSIVE;
				CLANG_WARN_UNREACHABLE_CODE = YES;
				CLANG_WARN__DUPLICATE_METHOD_MATCH = YES;
				COPY_PHASE_STRIP = NO;
				DEBUG_INFORMATION_FORMAT = dwarf;
				ENABLE_STRICT_OBJC_MSGSEND = YES;
				ENABLE_TESTABILITY = YES;
				GCC_C_LANGUAGE_STANDARD = gnu11;
				GCC_DYNAMIC_NO_PIC = NO;
				GCC_NO_COMMON_BLOCKS = YES;
				GCC_OPTIMIZATION_LEVEL = 0;
				GCC_PREPROCESSOR_DEFINITIONS = (
					"DEBUG=1",
					"$(inherited)",
				);
				GCC_WARN_64_TO_32_BIT_CONVERSION = YES;
				GCC_WARN_ABOUT_RETURN_TYPE = YES_ERROR;
				GCC_WARN_UNDECLARED_SELECTOR = YES;
				GCC_WARN_UNINITIALIZED_AUTOS = YES_AGGRESSIVE;
				GCC_WARN_UNUSED_FUNCTION = YES;
				GCC_WARN_UNUSED_VARIABLE = YES;
				IPHONEOS_DEPLOYMENT_TARGET = 14.4;
				MTL_ENABLE_DEBUG_INFO = INCLUDE_SOURCE;
				MTL_FAST_MATH = YES;
				ONLY_ACTIVE_ARCH = YES;
				SDKROOT = iphoneos;
				SWIFT_ACTIVE_COMPILATION_CONDITIONS = DEBUG;
				SWIFT_OPTIMIZATION_LEVEL = "-Onone";
			};
			name = Debug;
		};
		E4AB58EA25C9C11600C85BA9 /* Release */ = {
			isa = XCBuildConfiguration;
			buildSettings = {
				ALWAYS_SEARCH_USER_PATHS = NO;
				CLANG_ANALYZER_NONNULL = YES;
				CLANG_ANALYZER_NUMBER_OBJECT_CONVERSION = YES_AGGRESSIVE;
				CLANG_CXX_LANGUAGE_STANDARD = "gnu++14";
				CLANG_CXX_LIBRARY = "libc++";
				CLANG_ENABLE_MODULES = YES;
				CLANG_ENABLE_OBJC_ARC = YES;
				CLANG_ENABLE_OBJC_WEAK = YES;
				CLANG_WARN_BLOCK_CAPTURE_AUTORELEASING = YES;
				CLANG_WARN_BOOL_CONVERSION = YES;
				CLANG_WARN_COMMA = YES;
				CLANG_WARN_CONSTANT_CONVERSION = YES;
				CLANG_WARN_DEPRECATED_OBJC_IMPLEMENTATIONS = YES;
				CLANG_WARN_DIRECT_OBJC_ISA_USAGE = YES_ERROR;
				CLANG_WARN_DOCUMENTATION_COMMENTS = YES;
				CLANG_WARN_EMPTY_BODY = YES;
				CLANG_WARN_ENUM_CONVERSION = YES;
				CLANG_WARN_INFINITE_RECURSION = YES;
				CLANG_WARN_INT_CONVERSION = YES;
				CLANG_WARN_NON_LITERAL_NULL_CONVERSION = YES;
				CLANG_WARN_OBJC_IMPLICIT_RETAIN_SELF = YES;
				CLANG_WARN_OBJC_LITERAL_CONVERSION = YES;
				CLANG_WARN_OBJC_ROOT_CLASS = YES_ERROR;
				CLANG_WARN_QUOTED_INCLUDE_IN_FRAMEWORK_HEADER = YES;
				CLANG_WARN_RANGE_LOOP_ANALYSIS = YES;
				CLANG_WARN_STRICT_PROTOTYPES = YES;
				CLANG_WARN_SUSPICIOUS_MOVE = YES;
				CLANG_WARN_UNGUARDED_AVAILABILITY = YES_AGGRESSIVE;
				CLANG_WARN_UNREACHABLE_CODE = YES;
				CLANG_WARN__DUPLICATE_METHOD_MATCH = YES;
				COPY_PHASE_STRIP = NO;
				DEBUG_INFORMATION_FORMAT = "dwarf-with-dsym";
				ENABLE_NS_ASSERTIONS = NO;
				ENABLE_STRICT_OBJC_MSGSEND = YES;
				GCC_C_LANGUAGE_STANDARD = gnu11;
				GCC_NO_COMMON_BLOCKS = YES;
				GCC_WARN_64_TO_32_BIT_CONVERSION = YES;
				GCC_WARN_ABOUT_RETURN_TYPE = YES_ERROR;
				GCC_WARN_UNDECLARED_SELECTOR = YES;
				GCC_WARN_UNINITIALIZED_AUTOS = YES_AGGRESSIVE;
				GCC_WARN_UNUSED_FUNCTION = YES;
				GCC_WARN_UNUSED_VARIABLE = YES;
				IPHONEOS_DEPLOYMENT_TARGET = 14.4;
				MTL_ENABLE_DEBUG_INFO = NO;
				MTL_FAST_MATH = YES;
				SDKROOT = iphoneos;
				SWIFT_COMPILATION_MODE = wholemodule;
				SWIFT_OPTIMIZATION_LEVEL = "-O";
				VALIDATE_PRODUCT = YES;
			};
			name = Release;
		};
		E4AB58EC25C9C11600C85BA9 /* Debug */ = {
			isa = XCBuildConfiguration;
			baseConfigurationReference = ABF588337D3BC706D15474D3 /* Pods-Webrtc App.debug.xcconfig */;
			buildSettings = {
				ASSETCATALOG_COMPILER_APPICON_NAME = AppIcon;
				ASSETCATALOG_COMPILER_GLOBAL_ACCENT_COLOR_NAME = AccentColor;
				CODE_SIGN_STYLE = Automatic;
				DEVELOPMENT_TEAM = 3VBM6XM5XS;
				INFOPLIST_FILE = "Webrtc App/Info.plist";
				LD_RUNPATH_SEARCH_PATHS = (
					"$(inherited)",
					"@executable_path/Frameworks",
				);
				PRODUCT_BUNDLE_IDENTIFIER = "com.example.Webrtc-App";
				PRODUCT_NAME = "$(TARGET_NAME)";
				SWIFT_VERSION = 5.0;
				TARGETED_DEVICE_FAMILY = "1,2";
			};
			name = Debug;
		};
		E4AB58ED25C9C11600C85BA9 /* Release */ = {
			isa = XCBuildConfiguration;
			baseConfigurationReference = A38AE27315F81FAA5B19D712 /* Pods-Webrtc App.release.xcconfig */;
			buildSettings = {
				ASSETCATALOG_COMPILER_APPICON_NAME = AppIcon;
				ASSETCATALOG_COMPILER_GLOBAL_ACCENT_COLOR_NAME = AccentColor;
				CODE_SIGN_STYLE = Automatic;
				DEVELOPMENT_TEAM = 3VBM6XM5XS;
				INFOPLIST_FILE = "Webrtc App/Info.plist";
				LD_RUNPATH_SEARCH_PATHS = (
					"$(inherited)",
					"@executable_path/Frameworks",
				);
				PRODUCT_BUNDLE_IDENTIFIER = "com.example.Webrtc-App";
				PRODUCT_NAME = "$(TARGET_NAME)";
				SWIFT_VERSION = 5.0;
				TARGETED_DEVICE_FAMILY = "1,2";
			};
			name = Release;
		};
/* End XCBuildConfiguration section */

/* Begin XCConfigurationList section */
		E4AB58D225C9C11600C85BA9 /* Build configuration list for PBXProject "Webrtc App" */ = {
			isa = XCConfigurationList;
			buildConfigurations = (
				E4AB58E925C9C11600C85BA9 /* Debug */,
				E4AB58EA25C9C11600C85BA9 /* Release */,
			);
			defaultConfigurationIsVisible = 0;
			defaultConfigurationName = Release;
		};
		E4AB58EB25C9C11600C85BA9 /* Build configuration list for PBXNativeTarget "Webrtc App" */ = {
			isa = XCConfigurationList;
			buildConfigurations = (
				E4AB58EC25C9C11600C85BA9 /* Debug */,
				E4AB58ED25C9C11600C85BA9 /* Release */,
			);
			defaultConfigurationIsVisible = 0;
			defaultConfigurationName = Release;
		};
/* End XCConfigurationList section */
	};
	rootObject = E4AB58CF25C9C11600C85BA9 /* Project object */;
}
